
Microsoft Visual Studio Solution File, Format Version 12.00
# Visual Studio Version 16
VisualStudioVersion = 16.0.28803.352
MinimumVisualStudioVersion = 10.0.40219.1
Project("{FAE04EC0-301F-11D3-BF4B-00C04F79EFBC}") = "AleeBot", "AleeBot\AleeBot.csproj", "{02A58A5B-2A99-4D2B-A3A6-5BE4D33C7868}"
EndProject
Global
	GlobalSection(SolutionConfigurationPlatforms) = preSolution
		Debug|Any CPU = Debug|Any CPU
		Release|Any CPU = Release|Any CPU
	EndGlobalSection
	GlobalSection(ProjectConfigurationPlatforms) = postSolution
		{02A58A5B-2A99-4D2B-A3A6-5BE4D33C7868}.Debug|Any CPU.ActiveCfg = Debug|Any CPU
		{02A58A5B-2A99-4D2B-A3A6-5BE4D33C7868}.Debug|Any CPU.Build.0 = Debug|Any CPU
		{02A58A5B-2A99-4D2B-A3A6-5BE4D33C7868}.Release|Any CPU.ActiveCfg = Release|Any CPU
		{02A58A5B-2A99-4D2B-A3A6-5BE4D33C7868}.Release|Any CPU.Build.0 = Release|Any CPU
	EndGlobalSection
	GlobalSection(SolutionProperties) = preSolution
		HideSolutionNode = FALSE
	EndGlobalSection
	GlobalSection(ExtensibilityGlobals) = postSolution
		SolutionGuid = {766F5D6B-70B6-4A73-B0E3-525605F52ED9}
	EndGlobalSection
EndGlobal
